
Microsoft Visual Studio Solution File, Format Version 12.00
# Visual Studio 15
VisualStudioVersion = 15.0.28307.1401
MinimumVisualStudioVersion = 10.0.40219.1
Project("{8BC9CEB8-8B4A-11D0-8D11-00A0C91BC942}") = "jsontest", "jsontest\jsontest.vcxproj", "{5CB3EC2A-6AA7-4A99-AE66-1627329F1F16}"
EndProject
Global
	GlobalSection(SolutionConfigurationPlatforms) = preSolution
		Debug|x64 = Debug|x64
		Debug|x86 = Debug|x86
		Release|x64 = Release|x64
		Release|x86 = Release|x86
	EndGlobalSection
	GlobalSection(ProjectConfigurationPlatforms) = postSolution
		{5CB3EC2A-6AA7-4A99-AE66-1627329F1F16}.Debug|x64.ActiveCfg = Debug|x64
		{5CB3EC2A-6AA7-4A99-AE66-1627329F1F16}.Debug|x64.Build.0 = Debug|x64
		{5CB3EC2A-6AA7-4A99-AE66-1627329F1F16}.Debug|x86.ActiveCfg = Debug|Win32
		{5CB3EC2A-6AA7-4A99-AE66-1627329F1F16}.Debug|x86.Build.0 = Debug|Win32
		{5CB3EC2A-6AA7-4A99-AE66-1627329F1F16}.Release|x64.ActiveCfg = Release|x64
		{5CB3EC2A-6AA7-4A99-AE66-1627329F1F16}.Release|x64.Build.0 = Release|x64
		{5CB3EC2A-6AA7-4A99-AE66-1627329F1F16}.Release|x86.ActiveCfg = Release|Win32
		{5CB3EC2A-6AA7-4A99-AE66-1627329F1F16}.Release|x86.Build.0 = Release|Win32
	EndGlobalSection
	GlobalSection(SolutionProperties) = preSolution
		HideSolutionNode = FALSE
	EndGlobalSection
	GlobalSection(ExtensibilityGlobals) = postSolution
		SolutionGuid = {FCD50B3B-2DA8-4660-BB3C-81E3E9F2012D}
	EndGlobalSection
EndGlobal
